<?xml version="1.0" encoding="utf-8"?>
<Project ToolsVersion="4.0" xmlns="http://schemas.microsoft.com/developer/msbuild/2003">
  <ItemGroup>
    <Filter Include="Source Files">
      <UniqueIdentifier>{4FC737F1-C7A5-4376-A066-2A32D752A2FF}</UniqueIdentifier>
      <Extensions>cpp;c;cc;cxx;def;odl;idl;hpj;bat;asm;asmx</Extensions>
    </Filter>
    <Filter Include="Header Files">
      <UniqueIdentifier>{93995380-89BD-4b04-88EB-625FBE52EBFB}</UniqueIdentifier>
      <Extensions>h;hpp;hxx;hm;inl;inc;xsd</Extensions>
    </Filter>
    <Filter Include="Resource Files">
      <UniqueIdentifier>{67DA6AB6-F800-4c08-8B7A-83BB121AAD01}</UniqueIdentifier>
      <Extensions>rc;ico;cur;bmp;dlg;rc2;rct;bin;rgs;gif;jpg;jpeg;jpe;resx;tiff;tif;png;wav</Extensions>
    </Filter>
    <Filter Include="Scripts">
      <UniqueIdentifier>{2d4710b5-8479-460f-9191-a979f2f0884d}</UniqueIdentifier>
    </Filter>
    <Filter Include="XML">
      <UniqueIdentifier>{582ad4ec-2022-4b82-bb37-74eeac449897}</UniqueIdentifier>
    </Filter>
    <Filter Include="Source Files\Tank">
      <UniqueIdentifier>{6d7dc987-88b1-4987-9c28-e0f295bb415a}</UniqueIdentifier>
    </Filter>
    <Filter Include="Source Files\Interface">
      <UniqueIdentifier>{645cd684-3ae4-48eb-b5d8-f34068ec6992}</UniqueIdentifier>
    </Filter>
    <Filter Include="Shaders">
      <UniqueIdentifier>{32323f12-2c84-4282-a5ef-b3eb735be82c}</UniqueIdentifier>
    </Filter>
    <Filter Include="Source Files\Interface\Interface objects">
      <UniqueIdentifier>{32dd9e12-1622-4237-ba87-a52beecd1cd2}</UniqueIdentifier>
    </Filter>
    <Filter Include="Source Files\Interface\Interface objects\Button">
      <UniqueIdentifier>{4424caef-bbab-493b-a64f-d7b54597af1e}</UniqueIdentifier>
    </Filter>
    <Filter Include="Source Files\Background">
      <UniqueIdentifier>{5b3f251f-7b35-4034-8f42-2cc8451c90cf}</UniqueIdentifier>
    </Filter>
    <Filter Include="Source Files\Background\Clouds">
      <UniqueIdentifier>{f4f1ed47-7b10-494b-86ef-b0d6f894645a}</UniqueIdentifier>
    </Filter>
    <Filter Include="Source Files\Background\Picture">
      <UniqueIdentifier>{1c3715a1-f968-4bd2-a506-ac80638f699b}</UniqueIdentifier>
    </Filter>
    <Filter Include="Source Files\Interface\Interface objects\Panels">
      <UniqueIdentifier>{84e64bff-e05c-4676-9cbb-242148cff089}</UniqueIdentifier>
    </Filter>
    <Filter Include="Source Files\Background\Factory method">
      <UniqueIdentifier>{b77f2cf1-c595-44f5-925d-5a455886ea1a}</UniqueIdentifier>
    </Filter>
    <Filter Include="Source Files\Interface\Factory method">
      <UniqueIdentifier>{875d1014-e34b-4ef5-903e-fde40ef95d55}</UniqueIdentifier>
    </Filter>
    <Filter Include="Source Files\Interface\Interface objects\TextAnimated">
      <UniqueIdentifier>{39d04b71-d245-4455-90ee-b81146542e78}</UniqueIdentifier>
    </Filter>
    <Filter Include="Source Files\Interface\Interface object visitor">
      <UniqueIdentifier>{cf9b3780-7a11-4815-914a-c4349b53a637}</UniqueIdentifier>
    </Filter>
    <Filter Include="Source Files\Main">
      <UniqueIdentifier>{b74acf3a-4c13-484c-8f10-b746d61c1428}</UniqueIdentifier>
    </Filter>
  </ItemGroup>
  <ItemGroup>
    <ClCompile Include="..\..\src\stdafx.cpp">
      <Filter>Header Files</Filter>
    </ClCompile>
    <ClCompile Include="..\..\src\ArrowHintPanel.cpp">
      <Filter>Source Files\Interface\Interface objects\Panels</Filter>
    </ClCompile>
    <ClCompile Include="..\..\src\Panel.cpp">
      <Filter>Source Files\Interface\Interface objects\Panels</Filter>
    </ClCompile>
    <ClCompile Include="..\..\src\ScorePanel.cpp">
      <Filter>Source Files\Interface\Interface objects\Panels</Filter>
    </ClCompile>
    <ClCompile Include="..\..\src\TimePanel.cpp">
      <Filter>Source Files\Interface\Interface objects\Panels</Filter>
    </ClCompile>
    <ClCompile Include="..\..\src\Missile.cpp">
      <Filter>Source Files\Tank</Filter>
    </ClCompile>
    <ClCompile Include="..\..\src\Tank.cpp">
      <Filter>Source Files\Tank</Filter>
    </ClCompile>
    <ClCompile Include="..\..\src\Wheel.cpp">
      <Filter>Source Files\Tank</Filter>
    </ClCompile>
    <ClCompile Include="..\..\src\Dirt.cpp">
      <Filter>Source Files\Tank</Filter>
    </ClCompile>
    <ClCompile Include="..\..\src\Cannon.cpp">
      <Filter>Source Files\Tank</Filter>
    </ClCompile>
    <ClCompile Include="..\..\src\Interface.cpp">
      <Filter>Source Files\Interface</Filter>
    </ClCompile>
    <ClCompile Include="..\..\src\MissileTailEff.cpp">
      <Filter>Source Files\Tank</Filter>
    </ClCompile>
    <ClCompile Include="..\..\src\MissileExplodeEff.cpp">
      <Filter>Source Files\Tank</Filter>
    </ClCompile>
    <ClCompile Include="..\..\src\MissilesPanel.cpp">
      <Filter>Source Files\Interface\Interface objects\Panels</Filter>
    </ClCompile>
    <ClCompile Include="..\..\src\Button.cpp">
      <Filter>Source Files\Interface\Interface objects\Button</Filter>
    </ClCompile>
    <ClCompile Include="..\..\src\Cloud.cpp">
      <Filter>Source Files\Background\Clouds</Filter>
    </ClCompile>
    <ClCompile Include="..\..\src\BackgroundPicture.cpp">
      <Filter>Source Files\Background\Picture</Filter>
    </ClCompile>
    <ClCompile Include="..\..\src\TextAnimated.cpp">
      <Filter>Source Files\Interface\Interface objects\TextAnimated</Filter>
    </ClCompile>
    <ClCompile Include="..\..\src\IntObjVisitor.cpp">
      <Filter>Source Files\Interface\Interface object visitor</Filter>
    </ClCompile>
    <ClCompile Include="..\..\src\AppDelegate.cpp">
      <Filter>Source Files\Main</Filter>
    </ClCompile>
    <ClCompile Include="..\..\src\Enemy.cpp">
      <Filter>Source Files\Main</Filter>
    </ClCompile>
    <ClCompile Include="..\..\src\GamefieldWidget.cpp">
      <Filter>Source Files\Main</Filter>
    </ClCompile>
    <ClCompile Include="..\..\src\InputFileReader.cpp">
      <Filter>Source Files\Main</Filter>
    </ClCompile>
    <ClCompile Include="..\..\src\Main.cpp">
      <Filter>Source Files\Main</Filter>
    </ClCompile>
    <ClCompile Include="..\..\src\Messenger.cpp">
      <Filter>Source Files\Main</Filter>
    </ClCompile>
    <ClCompile Include="..\..\src\BlurWidgetEffect.cpp">
      <Filter>Source Files\Main</Filter>
    </ClCompile>
    <ClCompile Include="..\..\src\Background.cpp">
      <Filter>Source Files\Background</Filter>
    </ClCompile>
    <ClCompile Include="..\..\src\XmlSettings.cpp">
      <Filter>Source Files\Main</Filter>
    </ClCompile>
    <ClCompile Include="..\..\src\EnemiesController.cpp">
      <Filter>Source Files\Main</Filter>
    </ClCompile>
  </ItemGroup>
  <ItemGroup>
    <ClInclude Include="..\..\src\stdafx.h">
      <Filter>Header Files</Filter>
    </ClInclude>
    <ClInclude Include="..\..\src\AppDelegate.h">
      <Filter>Header Files</Filter>
    </ClInclude>
    <ClInclude Include="..\..\src\ArrowHintPanel.h">
      <Filter>Source Files\Interface\Interface objects\Panels</Filter>
    </ClInclude>
    <ClInclude Include="..\..\src\Panel.h">
      <Filter>Source Files\Interface\Interface objects\Panels</Filter>
    </ClInclude>
    <ClInclude Include="..\..\src\ScorePanel.h">
      <Filter>Source Files\Interface\Interface objects\Panels</Filter>
    </ClInclude>
    <ClInclude Include="..\..\src\TimePanel.h">
      <Filter>Source Files\Interface\Interface objects\Panels</Filter>
    </ClInclude>
    <ClInclude Include="..\..\src\Missile.h">
      <Filter>Source Files\Tank</Filter>
    </ClInclude>
    <ClInclude Include="..\..\src\Tank.h">
      <Filter>Source Files\Tank</Filter>
    </ClInclude>
    <ClInclude Include="..\..\src\Wheel.h">
      <Filter>Source Files\Tank</Filter>
    </ClInclude>
    <ClInclude Include="..\..\src\Dirt.h">
      <Filter>Source Files\Tank</Filter>
    </ClInclude>
    <ClInclude Include="..\..\src\Cannon.h">
      <Filter>Source Files\Tank</Filter>
    </ClInclude>
    <ClInclude Include="..\..\src\Interface.h">
      <Filter>Source Files\Interface</Filter>
    </ClInclude>
    <ClInclude Include="..\..\src\MissileTailEff.h">
      <Filter>Source Files\Tank</Filter>
    </ClInclude>
    <ClInclude Include="..\..\src\MissileExplodeEff.h">
      <Filter>Source Files\Tank</Filter>
    </ClInclude>
    <ClInclude Include="..\..\src\MissilesPanel.h">
      <Filter>Source Files\Interface\Interface objects\Panels</Filter>
    </ClInclude>
    <ClInclude Include="..\..\src\Button.h">
      <Filter>Source Files\Interface\Interface objects\Button</Filter>
    </ClInclude>
    <ClInclude Include="..\..\src\Cloud.h">
      <Filter>Source Files\Background\Clouds</Filter>
    </ClInclude>
    <ClInclude Include="..\..\src\BackgroundPicture.h">
      <Filter>Source Files\Background\Picture</Filter>
    </ClInclude>
    <ClInclude Include="..\..\src\BkgConcreteCreators.h">
      <Filter>Source Files\Background\Factory method</Filter>
    </ClInclude>
    <ClInclude Include="..\..\src\BkgObject.h">
      <Filter>Source Files\Background\Factory method</Filter>
    </ClInclude>
    <ClInclude Include="..\..\src\BkgObjectCreator.h">
      <Filter>Source Files\Background\Factory method</Filter>
    </ClInclude>
    <ClInclude Include="..\..\src\InterfaceObject.h">
      <Filter>Source Files\Interface\Factory method</Filter>
    </ClInclude>
    <ClInclude Include="..\..\src\InterfaceObjectCreator.h">
      <Filter>Source Files\Interface\Factory method</Filter>
    </ClInclude>
    <ClInclude Include="..\..\src\TextAnimated.h">
      <Filter>Source Files\Interface\Interface objects\TextAnimated</Filter>
    </ClInclude>
    <ClInclude Include="..\..\src\IntObjVisitor.h">
      <Filter>Source Files\Interface\Interface object visitor</Filter>
    </ClInclude>
    <ClInclude Include="..\..\src\Enemy.h">
      <Filter>Source Files\Main</Filter>
    </ClInclude>
    <ClInclude Include="..\..\src\GameFieldWidget.h">
      <Filter>Source Files\Main</Filter>
    </ClInclude>
    <ClInclude Include="..\..\src\InputFileReader.h">
      <Filter>Source Files\Main</Filter>
    </ClInclude>
    <ClInclude Include="..\..\src\Messenger.h">
      <Filter>Source Files\Main</Filter>
    </ClInclude>
    <ClInclude Include="..\..\src\BlurWidgetEffect.h">
      <Filter>Source Files\Main</Filter>
    </ClInclude>
    <ClInclude Include="..\..\src\Background.h">
      <Filter>Source Files\Background</Filter>
    </ClInclude>
    <ClInclude Include="..\..\src\XmlSettings.h">
      <Filter>Source Files\Main</Filter>
    </ClInclude>
    <ClInclude Include="..\..\src\EnemiesController.h">
      <Filter>Source Files\Main</Filter>
    </ClInclude>
  </ItemGroup>
  <ItemGroup>
    <Xml Include="..\..\bin\base_p\Layers.xml">
      <Filter>XML</Filter>
    </Xml>
    <Xml Include="..\..\bin\base_p\Resources.xml">
      <Filter>XML</Filter>
    </Xml>
    <Xml Include="..\..\bin\base_p\Settings.xml">
      <Filter>XML</Filter>
    </Xml>
    <Xml Include="..\..\bin\base_p\Messages.xml">
      <Filter>XML</Filter>
    </Xml>
  </ItemGroup>
  <ItemGroup>
    <None Include="..\..\bin\base_p\start.lua">
      <Filter>Scripts</Filter>
    </None>
    <None Include="..\..\bin\base_p\shaders\blurX.fsh">
      <Filter>Shaders</Filter>
    </None>
    <None Include="..\..\bin\base_p\shaders\blurX.vsh">
      <Filter>Shaders</Filter>
    </None>
    <None Include="..\..\bin\base_p\shaders\blurY.fsh">
      <Filter>Shaders</Filter>
    </None>
    <None Include="..\..\bin\base_p\shaders\blurY.vsh">
      <Filter>Shaders</Filter>
    </None>
  </ItemGroup>
  <ItemGroup>
    <ResourceCompile Include="resource.rc">
      <Filter>Resource Files</Filter>
    </ResourceCompile>
  </ItemGroup>
  <ItemGroup>
    <Text Include="..\..\bin\input.txt" />
  </ItemGroup>
</Project>